
Microsoft Visual Studio Solution File, Format Version 12.00
# Visual Studio Version 17
VisualStudioVersion = 17.5.33424.131
MinimumVisualStudioVersion = 10.0.40219.1
Project("{FAE04EC0-301F-11D3-BF4B-00C04F79EFBC}") = "RentCarApp", "RentCarApp\RentCarApp.csproj", "{E3B166D7-B4D0-4623-B3F6-161690107360}"
EndProject
Global
	GlobalSection(SolutionConfigurationPlatforms) = preSolution
		Debug|Any CPU = Debug|Any CPU
		Release|Any CPU = Release|Any CPU
	EndGlobalSection
	GlobalSection(ProjectConfigurationPlatforms) = postSolution
		{E3B166D7-B4D0-4623-B3F6-161690107360}.Debug|Any CPU.ActiveCfg = Debug|Any CPU
		{E3B166D7-B4D0-4623-B3F6-161690107360}.Debug|Any CPU.Build.0 = Debug|Any CPU
		{E3B166D7-B4D0-4623-B3F6-161690107360}.Release|Any CPU.ActiveCfg = Release|Any CPU
		{E3B166D7-B4D0-4623-B3F6-161690107360}.Release|Any CPU.Build.0 = Release|Any CPU
	EndGlobalSection
	GlobalSection(SolutionProperties) = preSolution
		HideSolutionNode = FALSE
	EndGlobalSection
	GlobalSection(ExtensibilityGlobals) = postSolution
		SolutionGuid = {C5C931E7-F67F-4B85-BB97-3E636AE972C0}
	EndGlobalSection
EndGlobal
